
Microsoft Visual Studio Solution File, Format Version 12.00
# Visual Studio 14
VisualStudioVersion = 14.0.25420.1
MinimumVisualStudioVersion = 10.0.40219.1
Project("{FAE04EC0-301F-11D3-BF4B-00C04F79EFBC}") = "Ulog", "Ulog\Ulog.csproj", "{AF69D786-625B-42D4-A2F2-197DE924984D}"
EndProject
Global
	GlobalSection(SolutionConfigurationPlatforms) = preSolution
		Debug|Any CPU = Debug|Any CPU
		Release|Any CPU = Release|Any CPU
	EndGlobalSection
	GlobalSection(ProjectConfigurationPlatforms) = postSolution
		{AF69D786-625B-42D4-A2F2-197DE924984D}.Debug|Any CPU.ActiveCfg = Debug|Any CPU
		{AF69D786-625B-42D4-A2F2-197DE924984D}.Debug|Any CPU.Build.0 = Debug|Any CPU
		{AF69D786-625B-42D4-A2F2-197DE924984D}.Release|Any CPU.ActiveCfg = Release|Any CPU
		{AF69D786-625B-42D4-A2F2-197DE924984D}.Release|Any CPU.Build.0 = Release|Any CPU
	EndGlobalSection
	GlobalSection(SolutionProperties) = preSolution
		HideSolutionNode = FALSE
	EndGlobalSection
EndGlobal
